
Microsoft Visual Studio Solution File, Format Version 12.00
# Visual Studio Version 17
VisualStudioVersion = 17.7.34031.279
MinimumVisualStudioVersion = 10.0.40219.1
Project("{FAE04EC0-301F-11D3-BF4B-00C04F79EFBC}") = "Drinks Machine", "Drinks Machine.csproj", "{9F91EA02-55B7-4AD7-8011-9A340B3F9C3F}"
EndProject
Global
	GlobalSection(SolutionConfigurationPlatforms) = preSolution
		Debug|Any CPU = Debug|Any CPU
		Release|Any CPU = Release|Any CPU
	EndGlobalSection
	GlobalSection(ProjectConfigurationPlatforms) = postSolution
		{9F91EA02-55B7-4AD7-8011-9A340B3F9C3F}.Debug|Any CPU.ActiveCfg = Debug|Any CPU
		{9F91EA02-55B7-4AD7-8011-9A340B3F9C3F}.Debug|Any CPU.Build.0 = Debug|Any CPU
		{9F91EA02-55B7-4AD7-8011-9A340B3F9C3F}.Release|Any CPU.ActiveCfg = Release|Any CPU
		{9F91EA02-55B7-4AD7-8011-9A340B3F9C3F}.Release|Any CPU.Build.0 = Release|Any CPU
	EndGlobalSection
	GlobalSection(SolutionProperties) = preSolution
		HideSolutionNode = FALSE
	EndGlobalSection
	GlobalSection(ExtensibilityGlobals) = postSolution
		SolutionGuid = {06C060CE-1F9C-49CE-912F-45A3DCBB39DB}
	EndGlobalSection
EndGlobal
